
Microsoft Visual Studio Solution File, Format Version 12.00
# Visual Studio Version 17
VisualStudioVersion = 17.5.002.0
MinimumVisualStudioVersion = 10.0.40219.1
Project("{9A19103F-16F7-4668-BE54-9A1E7A4F7556}") = "Axpo.Challenge.FullStack", "Axpo.Challenge.FullStack.csproj", "{A8F9BB8A-3CBC-443F-B656-D8C2A2900544}"
EndProject
Global
	GlobalSection(SolutionConfigurationPlatforms) = preSolution
		Debug|Any CPU = Debug|Any CPU
		Release|Any CPU = Release|Any CPU
	EndGlobalSection
	GlobalSection(ProjectConfigurationPlatforms) = postSolution
		{A8F9BB8A-3CBC-443F-B656-D8C2A2900544}.Debug|Any CPU.ActiveCfg = Debug|Any CPU
		{A8F9BB8A-3CBC-443F-B656-D8C2A2900544}.Debug|Any CPU.Build.0 = Debug|Any CPU
		{A8F9BB8A-3CBC-443F-B656-D8C2A2900544}.Release|Any CPU.ActiveCfg = Release|Any CPU
		{A8F9BB8A-3CBC-443F-B656-D8C2A2900544}.Release|Any CPU.Build.0 = Release|Any CPU
	EndGlobalSection
	GlobalSection(SolutionProperties) = preSolution
		HideSolutionNode = FALSE
	EndGlobalSection
	GlobalSection(ExtensibilityGlobals) = postSolution
		SolutionGuid = {99BA964E-F186-430F-8A75-5CE97F941D4F}
	EndGlobalSection
EndGlobal
